<?xml version="1.0" encoding="utf-8"?>
<Project ToolsVersion="4.0" xmlns="http://schemas.microsoft.com/developer/msbuild/2003">
  <ItemGroup>
    <Filter Include="Source Files">
      <UniqueIdentifier>{4FC737F1-C7A5-4376-A066-2A32D752A2FF}</UniqueIdentifier>
      <Extensions>cpp;c;cc;cxx;c++;def;odl;idl;hpj;bat;asm;asmx</Extensions>
    </Filter>
    <Filter Include="Header Files">
      <UniqueIdentifier>{93995380-89BD-4b04-88EB-625FBE52EBFB}</UniqueIdentifier>
      <Extensions>h;hh;hpp;hxx;h++;hm;inl;inc;ipp;xsd</Extensions>
    </Filter>
    <Filter Include="Resource Files">
      <UniqueIdentifier>{67DA6AB6-F800-4c08-8B7A-83BB121AAD01}</UniqueIdentifier>
      <Extensions>rc;ico;cur;bmp;dlg;rc2;rct;bin;rgs;gif;jpg;jpeg;jpe;resx;tiff;tif;png;wav;mfcribbon-ms</Extensions>
    </Filter>
    <Filter Include="Header Files\Bus">
      <UniqueIdentifier>{3399826a-1e06-40ec-a4f0-4f104e873def}</UniqueIdentifier>
    </Filter>
    <Filter Include="Source Files\Processor">
      <UniqueIdentifier>{396f97cc-1c07-45e3-b8ea-62f78139016d}</UniqueIdentifier>
    </Filter>
    <Filter Include="Header Files\Processor">
      <UniqueIdentifier>{a663587e-9315-4fb5-84a4-1eb42dd1f39c}</UniqueIdentifier>
    </Filter>
    <Filter Include="Header Files\Memory">
      <UniqueIdentifier>{e12a38b4-5867-47fa-a4d6-79b1e207e2a6}</UniqueIdentifier>
    </Filter>
    <Filter Include="Source Files\Memory">
      <UniqueIdentifier>{ca8648c7-0b09-465d-9bc6-3cb0ad0dce92}</UniqueIdentifier>
    </Filter>
  </ItemGroup>
  <ItemGroup>
    <ClCompile Include="src\Icarus86.cpp">
      <Filter>Source Files</Filter>
    </ClCompile>
    <ClCompile Include="src\COutSys.cpp">
      <Filter>Source Files</Filter>
    </ClCompile>
    <ClCompile Include="src\Processor\Processor_8086.cpp">
      <Filter>Source Files\Processor</Filter>
    </ClCompile>
    <ClCompile Include="src\Memory\MMU.cpp">
      <Filter>Source Files\Memory</Filter>
    </ClCompile>
    <ClCompile Include="src\Memory\MemoryBlock.cpp">
      <Filter>Source Files\Memory</Filter>
    </ClCompile>
    <ClCompile Include="src\Processor\ALU.cpp">
      <Filter>Source Files\Processor</Filter>
    </ClCompile>
  </ItemGroup>
  <ItemGroup>
    <ClInclude Include="src\Icarus86.hpp">
      <Filter>Header Files</Filter>
    </ClInclude>
    <ClInclude Include="src\Type.hpp">
      <Filter>Header Files</Filter>
    </ClInclude>
    <ClInclude Include="src\Constexprs.hpp">
      <Filter>Header Files</Filter>
    </ClInclude>
    <ClInclude Include="src\COutSys.hpp">
      <Filter>Header Files</Filter>
    </ClInclude>
    <ClInclude Include="src\Bus\Bus.hpp">
      <Filter>Header Files\Bus</Filter>
    </ClInclude>
    <ClInclude Include="src\Processor\Processor.hpp">
      <Filter>Header Files\Processor</Filter>
    </ClInclude>
    <ClInclude Include="src\Processor\Processor_8086.hpp">
      <Filter>Header Files\Processor</Filter>
    </ClInclude>
    <ClInclude Include="src\Processor\Register.hpp">
      <Filter>Header Files\Processor</Filter>
    </ClInclude>
    <ClInclude Include="src\Memory\MMU.hpp">
      <Filter>Header Files\Memory</Filter>
    </ClInclude>
    <ClInclude Include="src\Memory\MemoryBlock.hpp">
      <Filter>Header Files\Memory</Filter>
    </ClInclude>
    <ClInclude Include="src\Processor\ALU.hpp">
      <Filter>Header Files\Processor</Filter>
    </ClInclude>
  </ItemGroup>
</Project>